
Microsoft Visual Studio Solution File, Format Version 12.00
# Visual Studio Version 16
VisualStudioVersion = 16.0.30907.101
MinimumVisualStudioVersion = 10.0.40219.1
Project("{FAE04EC0-301F-11D3-BF4B-00C04F79EFBC}") = "Split overwatch movies", "Split overwatch movies\Split overwatch movies.csproj", "{063D0943-41CD-4F63-BC62-C3F4C0F0FEB7}"
EndProject
Global
	GlobalSection(SolutionConfigurationPlatforms) = preSolution
		Debug|Any CPU = Debug|Any CPU
		Release|Any CPU = Release|Any CPU
	EndGlobalSection
	GlobalSection(ProjectConfigurationPlatforms) = postSolution
		{063D0943-41CD-4F63-BC62-C3F4C0F0FEB7}.Debug|Any CPU.ActiveCfg = Debug|Any CPU
		{063D0943-41CD-4F63-BC62-C3F4C0F0FEB7}.Debug|Any CPU.Build.0 = Debug|Any CPU
		{063D0943-41CD-4F63-BC62-C3F4C0F0FEB7}.Release|Any CPU.ActiveCfg = Release|Any CPU
		{063D0943-41CD-4F63-BC62-C3F4C0F0FEB7}.Release|Any CPU.Build.0 = Release|Any CPU
	EndGlobalSection
	GlobalSection(SolutionProperties) = preSolution
		HideSolutionNode = FALSE
	EndGlobalSection
	GlobalSection(ExtensibilityGlobals) = postSolution
		SolutionGuid = {A9A451B8-C82F-4784-8BC1-BB3B35B00508}
	EndGlobalSection
EndGlobal
